
Microsoft Visual Studio Solution File, Format Version 12.00
# Visual Studio Version 16
VisualStudioVersion = 16.0.32228.343
MinimumVisualStudioVersion = 10.0.40219.1
Project("{FAE04EC0-301F-11D3-BF4B-00C04F79EFBC}") = "Sirgay", "Sirgay\Sirgay.csproj", "{19ADBE6F-AD57-462B-9EC9-112B99506E7D}"
EndProject
Global
	GlobalSection(SolutionConfigurationPlatforms) = preSolution
		Debug|Any CPU = Debug|Any CPU
		Release|Any CPU = Release|Any CPU
	EndGlobalSection
	GlobalSection(ProjectConfigurationPlatforms) = postSolution
		{19ADBE6F-AD57-462B-9EC9-112B99506E7D}.Debug|Any CPU.ActiveCfg = Debug|Any CPU
		{19ADBE6F-AD57-462B-9EC9-112B99506E7D}.Debug|Any CPU.Build.0 = Debug|Any CPU
		{19ADBE6F-AD57-462B-9EC9-112B99506E7D}.Release|Any CPU.ActiveCfg = Release|Any CPU
		{19ADBE6F-AD57-462B-9EC9-112B99506E7D}.Release|Any CPU.Build.0 = Release|Any CPU
	EndGlobalSection
	GlobalSection(SolutionProperties) = preSolution
		HideSolutionNode = FALSE
	EndGlobalSection
	GlobalSection(ExtensibilityGlobals) = postSolution
		SolutionGuid = {76BF98EB-78BE-411C-9D33-DA0A39DEB40A}
	EndGlobalSection
EndGlobal
